{
  "name": "pawa-usemediaquery",
  "version": "1.0.0",
  "lockfileVersion": 3,
  "requires": true,
  "packages": {
    "": {
      "name": "pawa-usemediaquery",
      "version": "1.0.0",
      "license": "ISC",
      "peerDependencies": {
        "pawajs": "^1.0.0"
      }
    },
    "node_modules/pawajs": {
      "version": "1.0.3",
      "resolved": "https://registry.npmjs.org/pawajs/-/pawajs-1.0.3.tgz",
      "integrity": "sha512-ztGddpnMOSd3wkbE/8F8Bo3aGt6fnPDw0nc+7TlvioglckUXeDl6RdmtErKeSQLewWjH+6jXtVLJwu5s2+VWjw==",
      "license": "ISC",
      "peer": true
    }
  }
}
